
Microsoft Visual Studio Solution File, Format Version 12.00
# Visual Studio Version 17
VisualStudioVersion = 17.8.34309.116
MinimumVisualStudioVersion = 10.0.40219.1
Project("{FAE04EC0-301F-11D3-BF4B-00C04F79EFBC}") = "ApiForUrl", "ApiForUrl\ApiForUrl.csproj", "{A328D73C-0E01-486A-B0F5-CFAE39A53212}"
EndProject
Global
	GlobalSection(SolutionConfigurationPlatforms) = preSolution
		Debug|Any CPU = Debug|Any CPU
		Release|Any CPU = Release|Any CPU
	EndGlobalSection
	GlobalSection(ProjectConfigurationPlatforms) = postSolution
		{A328D73C-0E01-486A-B0F5-CFAE39A53212}.Debug|Any CPU.ActiveCfg = Debug|Any CPU
		{A328D73C-0E01-486A-B0F5-CFAE39A53212}.Debug|Any CPU.Build.0 = Debug|Any CPU
		{A328D73C-0E01-486A-B0F5-CFAE39A53212}.Release|Any CPU.ActiveCfg = Release|Any CPU
		{A328D73C-0E01-486A-B0F5-CFAE39A53212}.Release|Any CPU.Build.0 = Release|Any CPU
	EndGlobalSection
	GlobalSection(SolutionProperties) = preSolution
		HideSolutionNode = FALSE
	EndGlobalSection
	GlobalSection(ExtensibilityGlobals) = postSolution
		SolutionGuid = {583D21FB-5BF1-4208-A63A-2C5C6F622CCF}
	EndGlobalSection
EndGlobal
